
Microsoft Visual Studio Solution File, Format Version 12.00
# Visual Studio 14
VisualStudioVersion = 14.0.25123.0
MinimumVisualStudioVersion = 10.0.40219.1
Project("{FAE04EC0-301F-11D3-BF4B-00C04F79EFBC}") = "GlobalDayOfCode.App", "GlobalDayOfCode.App\GlobalDayOfCode.App.csproj", "{88FBDE79-7267-4C2A-B6FD-47DF5F0EE8D5}"
EndProject
Project("{FAE04EC0-301F-11D3-BF4B-00C04F79EFBC}") = "GlobalDayOfCode.Test", "GlobalDayOfCode.Test\GlobalDayOfCode.Test.csproj", "{42F6377C-F148-4569-A3A4-BBC2D740C158}"
EndProject
Global
	GlobalSection(SolutionConfigurationPlatforms) = preSolution
		Debug|Any CPU = Debug|Any CPU
		Release|Any CPU = Release|Any CPU
	EndGlobalSection
	GlobalSection(ProjectConfigurationPlatforms) = postSolution
		{88FBDE79-7267-4C2A-B6FD-47DF5F0EE8D5}.Debug|Any CPU.ActiveCfg = Debug|Any CPU
		{88FBDE79-7267-4C2A-B6FD-47DF5F0EE8D5}.Debug|Any CPU.Build.0 = Debug|Any CPU
		{88FBDE79-7267-4C2A-B6FD-47DF5F0EE8D5}.Release|Any CPU.ActiveCfg = Release|Any CPU
		{88FBDE79-7267-4C2A-B6FD-47DF5F0EE8D5}.Release|Any CPU.Build.0 = Release|Any CPU
		{42F6377C-F148-4569-A3A4-BBC2D740C158}.Debug|Any CPU.ActiveCfg = Debug|Any CPU
		{42F6377C-F148-4569-A3A4-BBC2D740C158}.Debug|Any CPU.Build.0 = Debug|Any CPU
		{42F6377C-F148-4569-A3A4-BBC2D740C158}.Release|Any CPU.ActiveCfg = Release|Any CPU
		{42F6377C-F148-4569-A3A4-BBC2D740C158}.Release|Any CPU.Build.0 = Release|Any CPU
	EndGlobalSection
	GlobalSection(SolutionProperties) = preSolution
		HideSolutionNode = FALSE
	EndGlobalSection
EndGlobal
